dependencies:
- name: krateo-core-provider
  repository: oci://ghcr.io/braghettos/krateo
  version: 0.53.14
- name: krateo-core-provider-crd
  repository: oci://ghcr.io/braghettos/krateo
  version: 0.36.15
digest: sha256:5071b3d30faec4c3607226dd9abc7cc224de3547f16b4e8c9f877d38034d3562
generated: "2026-07-24T21:13:39.55702+02:00"
